
Microsoft Visual Studio Solution File, Format Version 12.00
# Visual Studio Version 17
VisualStudioVersion = 17.3.32922.545
MinimumVisualStudioVersion = 10.0.40219.1
Project("{FAE04EC0-301F-11D3-BF4B-00C04F79EFBC}") = "DoAn", "DoAn\DoAn.csproj", "{100C5466-2903-4BD2-83E2-4345D85B06D3}"
EndProject
Global
	GlobalSection(SolutionConfigurationPlatforms) = preSolution
		Debug|Any CPU = Debug|Any CPU
		Release|Any CPU = Release|Any CPU
	EndGlobalSection
	GlobalSection(ProjectConfigurationPlatforms) = postSolution
		{100C5466-2903-4BD2-83E2-4345D85B06D3}.Debug|Any CPU.ActiveCfg = Debug|Any CPU
		{100C5466-2903-4BD2-83E2-4345D85B06D3}.Debug|Any CPU.Build.0 = Debug|Any CPU
		{100C5466-2903-4BD2-83E2-4345D85B06D3}.Release|Any CPU.ActiveCfg = Release|Any CPU
		{100C5466-2903-4BD2-83E2-4345D85B06D3}.Release|Any CPU.Build.0 = Release|Any CPU
	EndGlobalSection
	GlobalSection(SolutionProperties) = preSolution
		HideSolutionNode = FALSE
	EndGlobalSection
	GlobalSection(ExtensibilityGlobals) = postSolution
		SolutionGuid = {ED9093FD-1C61-4887-B122-3829A0E44A1D}
	EndGlobalSection
EndGlobal
